
Microsoft Visual Studio Solution File, Format Version 12.00
# Visual Studio 14
VisualStudioVersion = 14.0.24720.0
MinimumVisualStudioVersion = 10.0.40219.1
Project("{FAE04EC0-301F-11D3-BF4B-00C04F79EFBC}") = "IMWPF", "InternetManager\IMWPF.csproj", "{FDCCF54B-3967-4119-8BD2-3BE417A8E41E}"
EndProject
Global
	GlobalSection(SolutionConfigurationPlatforms) = preSolution
		Debug|Any CPU = Debug|Any CPU
		Release|Any CPU = Release|Any CPU
	EndGlobalSection
	GlobalSection(ProjectConfigurationPlatforms) = postSolution
		{FDCCF54B-3967-4119-8BD2-3BE417A8E41E}.Debug|Any CPU.ActiveCfg = Debug|Any CPU
		{FDCCF54B-3967-4119-8BD2-3BE417A8E41E}.Debug|Any CPU.Build.0 = Debug|Any CPU
		{FDCCF54B-3967-4119-8BD2-3BE417A8E41E}.Release|Any CPU.ActiveCfg = Release|Any CPU
		{FDCCF54B-3967-4119-8BD2-3BE417A8E41E}.Release|Any CPU.Build.0 = Release|Any CPU
	EndGlobalSection
	GlobalSection(SolutionProperties) = preSolution
		HideSolutionNode = FALSE
	EndGlobalSection
EndGlobal
